
Microsoft Visual Studio Solution File, Format Version 12.00
# Visual Studio Version 17
VisualStudioVersion = 17.2.32630.192
MinimumVisualStudioVersion = 10.0.40219.1
Project("{FAE04EC0-301F-11D3-BF4B-00C04F79EFBC}") = "SendMail", "SendMail.csproj", "{5A1AF58F-455E-4BB3-9458-A98500020CE7}"
EndProject
Project("{FAE04EC0-301F-11D3-BF4B-00C04F79EFBC}") = "Mailing", "..\Mailing\Mailing.csproj", "{3876F37F-35B0-4BD9-AB9C-3DCE32759523}"
EndProject
Project("{FAE04EC0-301F-11D3-BF4B-00C04F79EFBC}") = "TestAPISendMail", "..\WebApplication5\TestAPISendMail.csproj", "{6F4551AB-CD45-4610-B19F-84E46377FD62}"
EndProject
Project("{FAE04EC0-301F-11D3-BF4B-00C04F79EFBC}") = "VerifyEmailStudent", "..\VerifyEmailStudent\VerifyEmailStudent.csproj", "{AC94FD21-BB6E-4626-AD58-0AC2C083EA26}"
EndProject
Global
	GlobalSection(SolutionConfigurationPlatforms) = preSolution
		Debug|Any CPU = Debug|Any CPU
		Release|Any CPU = Release|Any CPU
	EndGlobalSection
	GlobalSection(ProjectConfigurationPlatforms) = postSolution
		{5A1AF58F-455E-4BB3-9458-A98500020CE7}.Debug|Any CPU.ActiveCfg = Debug|Any CPU
		{5A1AF58F-455E-4BB3-9458-A98500020CE7}.Debug|Any CPU.Build.0 = Debug|Any CPU
		{5A1AF58F-455E-4BB3-9458-A98500020CE7}.Release|Any CPU.ActiveCfg = Release|Any CPU
		{5A1AF58F-455E-4BB3-9458-A98500020CE7}.Release|Any CPU.Build.0 = Release|Any CPU
		{3876F37F-35B0-4BD9-AB9C-3DCE32759523}.Debug|Any CPU.ActiveCfg = Debug|Any CPU
		{3876F37F-35B0-4BD9-AB9C-3DCE32759523}.Debug|Any CPU.Build.0 = Debug|Any CPU
		{3876F37F-35B0-4BD9-AB9C-3DCE32759523}.Release|Any CPU.ActiveCfg = Release|Any CPU
		{3876F37F-35B0-4BD9-AB9C-3DCE32759523}.Release|Any CPU.Build.0 = Release|Any CPU
		{6F4551AB-CD45-4610-B19F-84E46377FD62}.Debug|Any CPU.ActiveCfg = Debug|Any CPU
		{6F4551AB-CD45-4610-B19F-84E46377FD62}.Debug|Any CPU.Build.0 = Debug|Any CPU
		{6F4551AB-CD45-4610-B19F-84E46377FD62}.Release|Any CPU.ActiveCfg = Release|Any CPU
		{6F4551AB-CD45-4610-B19F-84E46377FD62}.Release|Any CPU.Build.0 = Release|Any CPU
		{AC94FD21-BB6E-4626-AD58-0AC2C083EA26}.Debug|Any CPU.ActiveCfg = Debug|Any CPU
		{AC94FD21-BB6E-4626-AD58-0AC2C083EA26}.Debug|Any CPU.Build.0 = Debug|Any CPU
		{AC94FD21-BB6E-4626-AD58-0AC2C083EA26}.Release|Any CPU.ActiveCfg = Release|Any CPU
		{AC94FD21-BB6E-4626-AD58-0AC2C083EA26}.Release|Any CPU.Build.0 = Release|Any CPU
	EndGlobalSection
	GlobalSection(SolutionProperties) = preSolution
		HideSolutionNode = FALSE
	EndGlobalSection
	GlobalSection(ExtensibilityGlobals) = postSolution
		SolutionGuid = {40BD1034-636D-432E-BAAF-72614D3B8652}
	EndGlobalSection
EndGlobal
